
Microsoft Visual Studio Solution File, Format Version 12.00
# Visual Studio Version 17
VisualStudioVersion = 17.5.002.0
MinimumVisualStudioVersion = 10.0.40219.1
Project("{9A19103F-16F7-4668-BE54-9A1E7A4F7556}") = "Web.Api", "Web.Api\Web.Api.csproj", "{23CE4598-CC1A-4B36-8710-CB236329186A}"
EndProject
Project("{54A90642-561A-4BB1-A94E-469ADEE60C69}") = "Web.UI.Angular", "Web.UI.Angular\Web.UI.Angular.esproj", "{BD7D4E4F-B57B-4643-B779-E88432FF1AC3}"
EndProject
Project("{FAE04EC0-301F-11D3-BF4B-00C04F79EFBC}") = "Web.Api.Test", "Web.Api.Test\Web.Api.Test.csproj", "{594D7FB0-6CF1-4000-9401-F380DF299F8C}"
EndProject
Global
	GlobalSection(SolutionConfigurationPlatforms) = preSolution
		Debug|Any CPU = Debug|Any CPU
		Release|Any CPU = Release|Any CPU
	EndGlobalSection
	GlobalSection(ProjectConfigurationPlatforms) = postSolution
		{23CE4598-CC1A-4B36-8710-CB236329186A}.Debug|Any CPU.ActiveCfg = Debug|Any CPU
		{23CE4598-CC1A-4B36-8710-CB236329186A}.Debug|Any CPU.Build.0 = Debug|Any CPU
		{23CE4598-CC1A-4B36-8710-CB236329186A}.Release|Any CPU.ActiveCfg = Release|Any CPU
		{23CE4598-CC1A-4B36-8710-CB236329186A}.Release|Any CPU.Build.0 = Release|Any CPU
		{BD7D4E4F-B57B-4643-B779-E88432FF1AC3}.Debug|Any CPU.ActiveCfg = Debug|Any CPU
		{BD7D4E4F-B57B-4643-B779-E88432FF1AC3}.Debug|Any CPU.Build.0 = Debug|Any CPU
		{BD7D4E4F-B57B-4643-B779-E88432FF1AC3}.Debug|Any CPU.Deploy.0 = Debug|Any CPU
		{BD7D4E4F-B57B-4643-B779-E88432FF1AC3}.Release|Any CPU.ActiveCfg = Release|Any CPU
		{BD7D4E4F-B57B-4643-B779-E88432FF1AC3}.Release|Any CPU.Build.0 = Release|Any CPU
		{BD7D4E4F-B57B-4643-B779-E88432FF1AC3}.Release|Any CPU.Deploy.0 = Release|Any CPU
		{594D7FB0-6CF1-4000-9401-F380DF299F8C}.Debug|Any CPU.ActiveCfg = Debug|Any CPU
		{594D7FB0-6CF1-4000-9401-F380DF299F8C}.Debug|Any CPU.Build.0 = Debug|Any CPU
		{594D7FB0-6CF1-4000-9401-F380DF299F8C}.Release|Any CPU.ActiveCfg = Release|Any CPU
		{594D7FB0-6CF1-4000-9401-F380DF299F8C}.Release|Any CPU.Build.0 = Release|Any CPU
	EndGlobalSection
	GlobalSection(SolutionProperties) = preSolution
		HideSolutionNode = FALSE
	EndGlobalSection
	GlobalSection(ExtensibilityGlobals) = postSolution
		SolutionGuid = {5FE84EDA-5335-4E0D-BFBC-2CB9E047633F}
	EndGlobalSection
EndGlobal
